
Microsoft Visual Studio Solution File, Format Version 12.00
# Visual Studio Version 17
VisualStudioVersion = 17.5.33627.172
MinimumVisualStudioVersion = 10.0.40219.1
Project("{9A19103F-16F7-4668-BE54-9A1E7A4F7556}") = "Lab05New", "Lab05New.csproj", "{E6DD4CE3-2116-4C89-92EF-A98188C16927}"
EndProject
Global
	GlobalSection(SolutionConfigurationPlatforms) = preSolution
		Debug|Any CPU = Debug|Any CPU
		Release|Any CPU = Release|Any CPU
	EndGlobalSection
	GlobalSection(ProjectConfigurationPlatforms) = postSolution
		{E6DD4CE3-2116-4C89-92EF-A98188C16927}.Debug|Any CPU.ActiveCfg = Debug|Any CPU
		{E6DD4CE3-2116-4C89-92EF-A98188C16927}.Debug|Any CPU.Build.0 = Debug|Any CPU
		{E6DD4CE3-2116-4C89-92EF-A98188C16927}.Release|Any CPU.ActiveCfg = Release|Any CPU
		{E6DD4CE3-2116-4C89-92EF-A98188C16927}.Release|Any CPU.Build.0 = Release|Any CPU
	EndGlobalSection
	GlobalSection(SolutionProperties) = preSolution
		HideSolutionNode = FALSE
	EndGlobalSection
	GlobalSection(ExtensibilityGlobals) = postSolution
		SolutionGuid = {8F7E6818-0103-43EB-97D2-D1F4A16D7D81}
	EndGlobalSection
EndGlobal
