
Microsoft Visual Studio Solution File, Format Version 12.00
# Visual Studio Version 17
VisualStudioVersion = 17.5.33627.172
MinimumVisualStudioVersion = 10.0.40219.1
Project("{FAE04EC0-301F-11D3-BF4B-00C04F79EFBC}") = "Lab04", "Lab04.csproj", "{5D740A68-C24C-452E-B554-29CD9BD0CFC1}"
EndProject
Global
	GlobalSection(SolutionConfigurationPlatforms) = preSolution
		Debug|Any CPU = Debug|Any CPU
		Release|Any CPU = Release|Any CPU
	EndGlobalSection
	GlobalSection(ProjectConfigurationPlatforms) = postSolution
		{5D740A68-C24C-452E-B554-29CD9BD0CFC1}.Debug|Any CPU.ActiveCfg = Debug|Any CPU
		{5D740A68-C24C-452E-B554-29CD9BD0CFC1}.Debug|Any CPU.Build.0 = Debug|Any CPU
		{5D740A68-C24C-452E-B554-29CD9BD0CFC1}.Release|Any CPU.ActiveCfg = Release|Any CPU
		{5D740A68-C24C-452E-B554-29CD9BD0CFC1}.Release|Any CPU.Build.0 = Release|Any CPU
	EndGlobalSection
	GlobalSection(SolutionProperties) = preSolution
		HideSolutionNode = FALSE
	EndGlobalSection
	GlobalSection(ExtensibilityGlobals) = postSolution
		SolutionGuid = {DF8A9495-449C-48DB-8484-4E4148693D78}
	EndGlobalSection
EndGlobal
